<?xml version="1.0" encoding="UTF-8" standalone="yes" ?>
<CodeBlocks_project_file>
	<FileVersion major="1" minor="6" />
	<Project>
		<Option title="dominios" />
		<Option pch_mode="2" />
		<Option compiler="gcc" />
		<Build>
			<Target title="Debug">
				<Option output="bin/Debug/dominios" prefix_auto="1" extension_auto="1" />
				<Option object_output="obj/Debug/" />
				<Option type="1" />
				<Option compiler="gcc" />
				<Compiler>
					<Add option="-g" />
				</Compiler>
			</Target>
			<Target title="Release">
				<Option output="bin/Release/dominios" prefix_auto="1" extension_auto="1" />
				<Option object_output="obj/Release/" />
				<Option type="1" />
				<Option compiler="gcc" />
				<Compiler>
					<Add option="-O2" />
				</Compiler>
				<Linker>
					<Add option="-s" />
				</Linker>
			</Target>
		</Build>
		<Compiler>
			<Add option="-Wall" />
			<Add option="-fexceptions" />
		</Compiler>
		<Unit filename="Entidades/conta.cpp" />
		<Unit filename="Entidades/conta.hpp" />
		<Unit filename="codigo/codigo.cpp" />
		<Unit filename="codigo/codigo.hpp" />
		<Unit filename="name/name.cpp" />
		<Unit filename="name/name.hpp" />
		<Unit filename="negociarCode/negociarCode.cpp" />
		<Unit filename="negociarCode/negociarCode.hpp" />
		<Unit filename="perfil/perfil.cpp" />
		<Unit filename="perfil/perfil.hpp" />
		<Unit filename="quantidade/quantidade.cpp" />
		<Unit filename="quantidade/quantidade.hpp" />
		<Unit filename="senha/senha.cpp" />
		<Unit filename="senha/senha.hpp" />
		<Unit filename="usrCode/usrCode.cpp" />
		<Unit filename="usrCode/usrCode.hpp" />
		<Extensions />
	</Project>
</CodeBlocks_project_file>
