<?xml version="1.0" encoding="UTF-8" standalone="yes" ?>
<CodeBlocks_project_file>
	<FileVersion major="1" minor="6" />
	<Project>
		<Option title="dominios" />
		<Option pch_mode="2" />
		<Option compiler="gcc" />
		<Build>
			<Target title="Debug">
				<Option output="bin/Debug/dominios" prefix_auto="1" extension_auto="1" />
				<Option object_output="obj/Debug/" />
				<Option type="1" />
				<Option compiler="gcc" />
				<Compiler>
					<Add option="-g" />
				</Compiler>
			</Target>
			<Target title="Release">
				<Option output="bin/Release/dominios" prefix_auto="1" extension_auto="1" />
				<Option object_output="obj/Release/" />
				<Option type="1" />
				<Option compiler="gcc" />
				<Compiler>
					<Add option="-O2" />
				</Compiler>
				<Linker>
					<Add option="-s" />
				</Linker>
			</Target>
		</Build>
		<Compiler>
			<Add option="-Wall" />
			<Add option="-fexceptions" />
		</Compiler>
		<Unit filename="Entidades/account.cpp" />
		<Unit filename="Entidades/account.hpp" />
		<Unit filename="Entidades/account_test.cpp" />
		<Unit filename="Entidades/account_test.hpp" />
		<Unit filename="Entidades/carteira.cpp" />
		<Unit filename="Entidades/carteira.hpp" />
		<Unit filename="Entidades/carteira_teste.cpp" />
		<Unit filename="Entidades/carteira_teste.hpp" />
		<Unit filename="Entidades/ordem.cpp" />
		<Unit filename="Entidades/ordem.hpp" />
		<Unit filename="Entidades/ordem_teste.cpp" />
		<Unit filename="Entidades/ordem_teste.hpp" />
		<Unit filename="codigo/codigo.cpp" />
		<Unit filename="codigo/codigo.hpp" />
		<Unit filename="codigo/codigo_teste.cpp" />
		<Unit filename="codigo/codigo_teste.hpp" />
		<Unit filename="cpf/cpf.cpp" />
		<Unit filename="cpf/cpf.hpp" />
		<Unit filename="cpf/cpf_teste.cpp" />
		<Unit filename="cpf/cpf_teste.hpp" />
		<Unit filename="data/data.cpp" />
		<Unit filename="data/data.hpp" />
		<Unit filename="data/data_teste.cpp" />
		<Unit filename="data/data_teste.hpp" />
		<Unit filename="dinheiro/dinheiro.cpp" />
		<Unit filename="dinheiro/dinheiro.hpp" />
		<Unit filename="dinheiro/dinheiro_teste.cpp" />
		<Unit filename="dinheiro/dinheiro_teste.hpp" />
		<Unit filename="main.cpp" />
		<Unit filename="name/name.cpp" />
		<Unit filename="name/name.hpp" />
		<Unit filename="name/name_test.cpp" />
		<Unit filename="name/name_test.hpp" />
		<Unit filename="negociarCode/negociarCode.cpp" />
		<Unit filename="negociarCode/negociarCode.hpp" />
		<Unit filename="negociarCode/negociarCode_teste.cpp" />
		<Unit filename="negociarCode/negociarCode_teste.hpp" />
		<Unit filename="password/password.cpp" />
		<Unit filename="password/password.hpp" />
		<Unit filename="password/password_test.cpp" />
		<Unit filename="password/password_test.hpp" />
		<Unit filename="perfil/perfil.cpp" />
		<Unit filename="perfil/perfil.hpp" />
		<Unit filename="perfil/perfil_teste.cpp" />
		<Unit filename="perfil/perfil_teste.hpp" />
		<Unit filename="quantidade/quantidade.cpp" />
		<Unit filename="quantidade/quantidade.hpp" />
		<Unit filename="quantidade/quantidade_teste.cpp" />
		<Unit filename="quantidade/quantidade_teste.hpp" />
		<Unit filename="usrCode/usrCode.cpp" />
		<Unit filename="usrCode/usrCode.hpp" />
		<Extensions />
	</Project>
</CodeBlocks_project_file>
